{
  "requires": true,
  "lockfileVersion": 1,
  "dependencies": {
    "dom7": {
      "version": "2.0.7",
      "resolved": "https://registry.npmjs.org/dom7/-/dom7-2.0.7.tgz",
      "integrity": "sha512-1M6HYWK1NZR3JyrRYy1JjFc0U+eB+OqzPjeAB05TlY87RDo1XJHS1NdUoNGPwDfZqKyCRTO4NkyCosUsyLiKGQ==",
      "requires": {
        "ssr-window": "1.0.1"
      }
    },
    "ssr-window": {
      "version": "1.0.1",
      "resolved": "https://registry.npmjs.org/ssr-window/-/ssr-window-1.0.1.tgz",
      "integrity": "sha512-dgFqB+f00LJTEgb6UXhx0h+SrG50LJvti2yMKMqAgzfUmUXZrLSv2fjULF7AWGwK25EXu8+smLR3jYsJQChPsg=="
    }
  }
}
